
Microsoft Visual Studio Solution File, Format Version 12.00
# Visual Studio Version 17
VisualStudioVersion = 17.5.33530.505
MinimumVisualStudioVersion = 10.0.40219.1
Project("{FAE04EC0-301F-11D3-BF4B-00C04F79EFBC}") = "Emp2", "Emp2\Emp2.csproj", "{16250B1A-413E-4618-888C-83C241A54425}"
EndProject
Global
	GlobalSection(SolutionConfigurationPlatforms) = preSolution
		Debug|Any CPU = Debug|Any CPU
		Release|Any CPU = Release|Any CPU
	EndGlobalSection
	GlobalSection(ProjectConfigurationPlatforms) = postSolution
		{16250B1A-413E-4618-888C-83C241A54425}.Debug|Any CPU.ActiveCfg = Debug|Any CPU
		{16250B1A-413E-4618-888C-83C241A54425}.Debug|Any CPU.Build.0 = Debug|Any CPU
		{16250B1A-413E-4618-888C-83C241A54425}.Release|Any CPU.ActiveCfg = Release|Any CPU
		{16250B1A-413E-4618-888C-83C241A54425}.Release|Any CPU.Build.0 = Release|Any CPU
	EndGlobalSection
	GlobalSection(SolutionProperties) = preSolution
		HideSolutionNode = FALSE
	EndGlobalSection
	GlobalSection(ExtensibilityGlobals) = postSolution
		SolutionGuid = {816A51CC-C9BE-4334-9596-A111F983A9B2}
	EndGlobalSection
EndGlobal
