
Microsoft Visual Studio Solution File, Format Version 12.00
# Visual Studio Version 17
VisualStudioVersion = 17.5.33530.505
MinimumVisualStudioVersion = 10.0.40219.1
Project("{FAE04EC0-301F-11D3-BF4B-00C04F79EFBC}") = "Assign7", "Assign7\Assign7.csproj", "{974588BE-3FCF-415C-AE1A-74A22A9A42D8}"
EndProject
Global
	GlobalSection(SolutionConfigurationPlatforms) = preSolution
		Debug|Any CPU = Debug|Any CPU
		Release|Any CPU = Release|Any CPU
	EndGlobalSection
	GlobalSection(ProjectConfigurationPlatforms) = postSolution
		{974588BE-3FCF-415C-AE1A-74A22A9A42D8}.Debug|Any CPU.ActiveCfg = Debug|Any CPU
		{974588BE-3FCF-415C-AE1A-74A22A9A42D8}.Debug|Any CPU.Build.0 = Debug|Any CPU
		{974588BE-3FCF-415C-AE1A-74A22A9A42D8}.Release|Any CPU.ActiveCfg = Release|Any CPU
		{974588BE-3FCF-415C-AE1A-74A22A9A42D8}.Release|Any CPU.Build.0 = Release|Any CPU
	EndGlobalSection
	GlobalSection(SolutionProperties) = preSolution
		HideSolutionNode = FALSE
	EndGlobalSection
	GlobalSection(ExtensibilityGlobals) = postSolution
		SolutionGuid = {EBADAC31-E806-48FB-8F02-A8B3594AD45C}
	EndGlobalSection
EndGlobal
