
Microsoft Visual Studio Solution File, Format Version 12.00
# Visual Studio Version 17
VisualStudioVersion = 17.5.33530.505
MinimumVisualStudioVersion = 10.0.40219.1
Project("{FAE04EC0-301F-11D3-BF4B-00C04F79EFBC}") = "Assign5", "Assign5\Assign5.csproj", "{8E9FF126-C6AE-4F2C-9CC2-77929598F5BC}"
EndProject
Global
	GlobalSection(SolutionConfigurationPlatforms) = preSolution
		Debug|Any CPU = Debug|Any CPU
		Release|Any CPU = Release|Any CPU
	EndGlobalSection
	GlobalSection(ProjectConfigurationPlatforms) = postSolution
		{8E9FF126-C6AE-4F2C-9CC2-77929598F5BC}.Debug|Any CPU.ActiveCfg = Debug|Any CPU
		{8E9FF126-C6AE-4F2C-9CC2-77929598F5BC}.Debug|Any CPU.Build.0 = Debug|Any CPU
		{8E9FF126-C6AE-4F2C-9CC2-77929598F5BC}.Release|Any CPU.ActiveCfg = Release|Any CPU
		{8E9FF126-C6AE-4F2C-9CC2-77929598F5BC}.Release|Any CPU.Build.0 = Release|Any CPU
	EndGlobalSection
	GlobalSection(SolutionProperties) = preSolution
		HideSolutionNode = FALSE
	EndGlobalSection
	GlobalSection(ExtensibilityGlobals) = postSolution
		SolutionGuid = {BA5F216B-2F9F-4FF7-91DB-2A221B09E980}
	EndGlobalSection
EndGlobal
