
Microsoft Visual Studio Solution File, Format Version 12.00
# Visual Studio Version 17
VisualStudioVersion = 17.5.33530.505
MinimumVisualStudioVersion = 10.0.40219.1
Project("{FAE04EC0-301F-11D3-BF4B-00C04F79EFBC}") = "Assign2", "Assign2\Assign2.csproj", "{EA742485-8E30-4A55-B5ED-40CB97A5C478}"
EndProject
Global
	GlobalSection(SolutionConfigurationPlatforms) = preSolution
		Debug|Any CPU = Debug|Any CPU
		Release|Any CPU = Release|Any CPU
	EndGlobalSection
	GlobalSection(ProjectConfigurationPlatforms) = postSolution
		{EA742485-8E30-4A55-B5ED-40CB97A5C478}.Debug|Any CPU.ActiveCfg = Debug|Any CPU
		{EA742485-8E30-4A55-B5ED-40CB97A5C478}.Debug|Any CPU.Build.0 = Debug|Any CPU
		{EA742485-8E30-4A55-B5ED-40CB97A5C478}.Release|Any CPU.ActiveCfg = Release|Any CPU
		{EA742485-8E30-4A55-B5ED-40CB97A5C478}.Release|Any CPU.Build.0 = Release|Any CPU
	EndGlobalSection
	GlobalSection(SolutionProperties) = preSolution
		HideSolutionNode = FALSE
	EndGlobalSection
	GlobalSection(ExtensibilityGlobals) = postSolution
		SolutionGuid = {1997E493-B9D7-4389-BAE4-E36FBDB25E35}
	EndGlobalSection
EndGlobal
