
Microsoft Visual Studio Solution File, Format Version 12.00
# Visual Studio Version 17
VisualStudioVersion = 17.5.33530.505
MinimumVisualStudioVersion = 10.0.40219.1
Project("{FAE04EC0-301F-11D3-BF4B-00C04F79EFBC}") = "Assign3", "Assign3\Assign3.csproj", "{8773260A-18D2-418F-B8B6-9B128A9EE84F}"
EndProject
Global
	GlobalSection(SolutionConfigurationPlatforms) = preSolution
		Debug|Any CPU = Debug|Any CPU
		Release|Any CPU = Release|Any CPU
	EndGlobalSection
	GlobalSection(ProjectConfigurationPlatforms) = postSolution
		{8773260A-18D2-418F-B8B6-9B128A9EE84F}.Debug|Any CPU.ActiveCfg = Debug|Any CPU
		{8773260A-18D2-418F-B8B6-9B128A9EE84F}.Debug|Any CPU.Build.0 = Debug|Any CPU
		{8773260A-18D2-418F-B8B6-9B128A9EE84F}.Release|Any CPU.ActiveCfg = Release|Any CPU
		{8773260A-18D2-418F-B8B6-9B128A9EE84F}.Release|Any CPU.Build.0 = Release|Any CPU
	EndGlobalSection
	GlobalSection(SolutionProperties) = preSolution
		HideSolutionNode = FALSE
	EndGlobalSection
	GlobalSection(ExtensibilityGlobals) = postSolution
		SolutionGuid = {50057B14-4C06-48E9-8B2C-8EF0CA9B73B3}
	EndGlobalSection
EndGlobal
