
Microsoft Visual Studio Solution File, Format Version 12.00
# Visual Studio Version 17
VisualStudioVersion = 17.5.33530.505
MinimumVisualStudioVersion = 10.0.40219.1
Project("{FAE04EC0-301F-11D3-BF4B-00C04F79EFBC}") = "Assign4", "Assign4\Assign4.csproj", "{DC8549CA-D8BB-4912-AA10-B37A756B198A}"
EndProject
Global
	GlobalSection(SolutionConfigurationPlatforms) = preSolution
		Debug|Any CPU = Debug|Any CPU
		Release|Any CPU = Release|Any CPU
	EndGlobalSection
	GlobalSection(ProjectConfigurationPlatforms) = postSolution
		{DC8549CA-D8BB-4912-AA10-B37A756B198A}.Debug|Any CPU.ActiveCfg = Debug|Any CPU
		{DC8549CA-D8BB-4912-AA10-B37A756B198A}.Debug|Any CPU.Build.0 = Debug|Any CPU
		{DC8549CA-D8BB-4912-AA10-B37A756B198A}.Release|Any CPU.ActiveCfg = Release|Any CPU
		{DC8549CA-D8BB-4912-AA10-B37A756B198A}.Release|Any CPU.Build.0 = Release|Any CPU
	EndGlobalSection
	GlobalSection(SolutionProperties) = preSolution
		HideSolutionNode = FALSE
	EndGlobalSection
	GlobalSection(ExtensibilityGlobals) = postSolution
		SolutionGuid = {3BDAB4E1-4C63-4AA8-B904-34F20F687091}
	EndGlobalSection
EndGlobal
